// !$*UTF8*$!
{
	archiveVersion = 1;
	classes = {
	};
	objectVersion = 77;
	objects = {

/* Begin PBXBuildFile section */
		40537171A00485B39D9C96C1 /* DiamondRevampApp.swift in Sources */ = {isa = PBXBuildFile; fileRef = 8D389B6A74BA83FB798BAA7B /* DiamondRevampApp.swift */; };
		E9795FC500CCD5B65B6C4452 /* DiamondRevamp in Frameworks */ = {isa = PBXBuildFile; productRef = F5CB39B318F60C0E5C1BA4A0 /* DiamondRevamp */; };
/* End PBXBuildFile section */

/* Begin PBXFileReference section */
		7F20C1D24208AD353760E90D /* DiamondRevamp */ = {isa = PBXFileReference; lastKnownFileType = folder; name = DiamondRevamp; path = Packages/DiamondRevamp; sourceTree = SOURCE_ROOT; };
		8D389B6A74BA83FB798BAA7B /* DiamondRevampApp.swift */ = {isa = PBXFileReference; lastKnownFileType = sourcecode.swift; path = DiamondRevampApp.swift; sourceTree = "<group>"; };
		967D0BB93215EC958AB44F82 /* Banking-Dashboard-App.app */ = {isa = PBXFileReference; includeInIndex = 0; lastKnownFileType = wrapper.application; path = "Banking-Dashboard-App.app"; sourceTree = BUILT_PRODUCTS_DIR; };
/* End PBXFileReference section */

/* Begin PBXFrameworksBuildPhase section */
		26C05A5262CB20AC6860DF86 /* Frameworks */ = {
			isa = PBXFrameworksBuildPhase;
			buildActionMask = 2147483647;
			files = (
				E9795FC500CCD5B65B6C4452 /* DiamondRevamp in Frameworks */,
			);
			runOnlyForDeploymentPostprocessing = 0;
		};
/* End PBXFrameworksBuildPhase section */

/* Begin PBXGroup section */
		10149CF6B8CCA37124E00425 /* Products */ = {
			isa = PBXGroup;
			children = (
				967D0BB93215EC958AB44F82 /* Banking-Dashboard-App.app */,
			);
			name = Products;
			sourceTree = "<group>";
		};
		60ACFED432CB8DA1682ABA0C /* Packages */ = {
			isa = PBXGroup;
			children = (
				7F20C1D24208AD353760E90D /* DiamondRevamp */,
			);
			path = Packages;
			sourceTree = "<group>";
		};
		6B1D1976DB6E04A9E8AB66F7 /* AppSources */ = {
			isa = PBXGroup;
			children = (
				8D389B6A74BA83FB798BAA7B /* DiamondRevampApp.swift */,
			);
			path = AppSources;
			sourceTree = "<group>";
		};
		FE9CF19A1E9236D4BE7A8AD3 = {
			isa = PBXGroup;
			children = (
				6B1D1976DB6E04A9E8AB66F7 /* AppSources */,
				60ACFED432CB8DA1682ABA0C /* Packages */,
				10149CF6B8CCA37124E00425 /* Products */,
			);
			sourceTree = "<group>";
		};
/* End PBXGroup section */

/* Begin PBXNativeTarget section */
		C25E89942988BABE0E9E4E85 /* Banking-Dashboard-App */ = {
			isa = PBXNativeTarget;
			buildConfigurationList = 981C2FADF65FCFFC69834C34 /* Build configuration list for PBXNativeTarget "Banking-Dashboard-App" */;
			buildPhases = (
				81F7B3AA100ED6D5CCB790B4 /* Sources */,
				26C05A5262CB20AC6860DF86 /* Frameworks */,
			);
			buildRules = (
			);
			dependencies = (
			);
			name = "Banking-Dashboard-App";
			packageProductDependencies = (
				F5CB39B318F60C0E5C1BA4A0 /* DiamondRevamp */,
			);
			productName = "Banking-Dashboard-App";
			productReference = 967D0BB93215EC958AB44F82 /* Banking-Dashboard-App.app */;
			productType = "com.apple.product-type.application";
		};
/* End PBXNativeTarget section */

/* Begin PBXProject section */
		D315E30B5168160AA0B0BE49 /* Project object */ = {
			isa = PBXProject;
			attributes = {
				BuildIndependentTargetsInParallel = YES;
				LastUpgradeCheck = 1430;
				TargetAttributes = {
					C25E89942988BABE0E9E4E85 = {
						DevelopmentTeam = Z46PAR97LP;
					};
				};
			};
			buildConfigurationList = 5A68B89D52C505EB3964A2F3 /* Build configuration list for PBXProject "Banking-Dashboard" */;
			compatibilityVersion = "Xcode 14.0";
			developmentRegion = en;
			hasScannedForEncodings = 0;
			knownRegions = (
				Base,
				en,
			);
			mainGroup = FE9CF19A1E9236D4BE7A8AD3;
			minimizedProjectReferenceProxies = 1;
			packageReferences = (
				CF7DD226F1625E909D19E72F /* XCLocalSwiftPackageReference "Packages/DiamondRevamp" */,
			);
			preferredProjectObjectVersion = 77;
			projectDirPath = "";
			projectRoot = "";
			targets = (
				C25E89942988BABE0E9E4E85 /* Banking-Dashboard-App */,
			);
		};
/* End PBXProject section */

/* Begin PBXSourcesBuildPhase section */
		81F7B3AA100ED6D5CCB790B4 /* Sources */ = {
			isa = PBXSourcesBuildPhase;
			buildActionMask = 2147483647;
			files = (
				40537171A00485B39D9C96C1 /* DiamondRevampApp.swift in Sources */,
			);
			runOnlyForDeploymentPostprocessing = 0;
		};
/* End PBXSourcesBuildPhase section */

/* Begin XCBuildConfiguration section */
		2367CE9DA6E4888C5A91CBDB /* Release */ = {
			isa = XCBuildConfiguration;
			buildSettings = {
				ALWAYS_SEARCH_USER_PATHS = NO;
				CLANG_ANALYZER_NONNULL = YES;
				CLANG_ANALYZER_NUMBER_OBJECT_CONVERSION = YES_AGGRESSIVE;
				CLANG_CXX_LANGUAGE_STANDARD = "gnu++14";
				CLANG_CXX_LIBRARY = "libc++";
				CLANG_ENABLE_MODULES = YES;
				CLANG_ENABLE_OBJC_ARC = YES;
				CLANG_ENABLE_OBJC_WEAK = YES;
				CLANG_WARN_BLOCK_CAPTURE_AUTORELEASING = YES;
				CLANG_WARN_BOOL_CONVERSION = YES;
				CLANG_WARN_COMMA = YES;
				CLANG_WARN_CONSTANT_CONVERSION = YES;
				CLANG_WARN_DEPRECATED_OBJC_IMPLEMENTATIONS = YES;
				CLANG_WARN_DIRECT_OBJC_ISA_USAGE = YES_ERROR;
				CLANG_WARN_DOCUMENTATION_COMMENTS = YES;
				CLANG_WARN_EMPTY_BODY = YES;
				CLANG_WARN_ENUM_CONVERSION = YES;
				CLANG_WARN_INFINITE_RECURSION = YES;
				CLANG_WARN_INT_CONVERSION = YES;
				CLANG_WARN_NON_LITERAL_NULL_CONVERSION = YES;
				CLANG_WARN_OBJC_IMPLICIT_RETAIN_SELF = YES;
				CLANG_WARN_OBJC_LITERAL_CONVERSION = YES;
				CLANG_WARN_OBJC_ROOT_CLASS = YES_ERROR;
				CLANG_WARN_QUOTED_INCLUDE_IN_FRAMEWORK_HEADER = YES;
				CLANG_WARN_RANGE_LOOP_ANALYSIS = YES;
				CLANG_WARN_STRICT_PROTOTYPES = YES;
				CLANG_WARN_SUSPICIOUS_MOVE = YES;
				CLANG_WARN_UNGUARDED_AVAILABILITY = YES_AGGRESSIVE;
				CLANG_WARN_UNREACHABLE_CODE = YES;
				CLANG_WARN__DUPLICATE_METHOD_MATCH = YES;
				COPY_PHASE_STRIP = NO;
				DEBUG_INFORMATION_FORMAT = "dwarf-with-dsym";
				ENABLE_NS_ASSERTIONS = NO;
				ENABLE_STRICT_OBJC_MSGSEND = YES;
				GCC_C_LANGUAGE_STANDARD = gnu11;
				GCC_NO_COMMON_BLOCKS = YES;
				GCC_WARN_64_TO_32_BIT_CONVERSION = YES;
				GCC_WARN_ABOUT_RETURN_TYPE = YES_ERROR;
				GCC_WARN_UNDECLARED_SELECTOR = YES;
				GCC_WARN_UNINITIALIZED_AUTOS = YES_AGGRESSIVE;
				GCC_WARN_UNUSED_FUNCTION = YES;
				GCC_WARN_UNUSED_VARIABLE = YES;
				IPHONEOS_DEPLOYMENT_TARGET = 16.0;
				MTL_ENABLE_DEBUG_INFO = NO;
				MTL_FAST_MATH = YES;
				PRODUCT_NAME = "$(TARGET_NAME)";
				SDKROOT = iphoneos;
				SWIFT_COMPILATION_MODE = wholemodule;
				SWIFT_OPTIMIZATION_LEVEL = "-O";
				SWIFT_VERSION = 5.0;
			};
			name = Release;
		};
		55330D3A8DE06994EC8052AB /* Release */ = {
			isa = XCBuildConfiguration;
			buildSettings = {
				ASSETCATALOG_COMPILER_APPICON_NAME = AppIcon;
				CODE_SIGN_IDENTITY = "iPhone Developer";
				DEVELOPMENT_TEAM = Z46PAR97LP;
				GENERATE_INFOPLIST_FILE = YES;
				INFOPLIST_KEY_UILaunchScreen_Generation = YES;
				LD_RUNPATH_SEARCH_PATHS = (
					"$(inherited)",
					"@executable_path/Frameworks",
				);
				PRODUCT_BUNDLE_IDENTIFIER = "com.mohamedsalahnassar.Banking-Dashboard-App";
				SDKROOT = iphoneos;
				TARGETED_DEVICE_FAMILY = "1,2";
			};
			name = Release;
		};
		72F6BBED28870E33C2C643CD /* Debug */ = {
			isa = XCBuildConfiguration;
			buildSettings = {
				ASSETCATALOG_COMPILER_APPICON_NAME = AppIcon;
				CODE_SIGN_IDENTITY = "iPhone Developer";
				DEVELOPMENT_TEAM = Z46PAR97LP;
				GENERATE_INFOPLIST_FILE = YES;
				INFOPLIST_KEY_UILaunchScreen_Generation = YES;
				LD_RUNPATH_SEARCH_PATHS = (
					"$(inherited)",
					"@executable_path/Frameworks",
				);
				PRODUCT_BUNDLE_IDENTIFIER = "com.mohamedsalahnassar.Banking-Dashboard-App";
				SDKROOT = iphoneos;
				TARGETED_DEVICE_FAMILY = "1,2";
			};
			name = Debug;
		};
		D1BFC389517670791F0B0E2E /* Debug */ = {
			isa = XCBuildConfiguration;
			buildSettings = {
				ALWAYS_SEARCH_USER_PATHS = NO;
				CLANG_ANALYZER_NONNULL = YES;
				CLANG_ANALYZER_NUMBER_OBJECT_CONVERSION = YES_AGGRESSIVE;
				CLANG_CXX_LANGUAGE_STANDARD = "gnu++14";
				CLANG_CXX_LIBRARY = "libc++";
				CLANG_ENABLE_MODULES = YES;
				CLANG_ENABLE_OBJC_ARC = YES;
				CLANG_ENABLE_OBJC_WEAK = YES;
				CLANG_WARN_BLOCK_CAPTURE_AUTORELEASING = YES;
				CLANG_WARN_BOOL_CONVERSION = YES;
				CLANG_WARN_COMMA = YES;
				CLANG_WARN_CONSTANT_CONVERSION = YES;
				CLANG_WARN_DEPRECATED_OBJC_IMPLEMENTATIONS = YES;
				CLANG_WARN_DIRECT_OBJC_ISA_USAGE = YES_ERROR;
				CLANG_WARN_DOCUMENTATION_COMMENTS = YES;
				CLANG_WARN_EMPTY_BODY = YES;
				CLANG_WARN_ENUM_CONVERSION = YES;
				CLANG_WARN_INFINITE_RECURSION = YES;
				CLANG_WARN_INT_CONVERSION = YES;
				CLANG_WARN_NON_LITERAL_NULL_CONVERSION = YES;
				CLANG_WARN_OBJC_IMPLICIT_RETAIN_SELF = YES;
				CLANG_WARN_OBJC_LITERAL_CONVERSION = YES;
				CLANG_WARN_OBJC_ROOT_CLASS = YES_ERROR;
				CLANG_WARN_QUOTED_INCLUDE_IN_FRAMEWORK_HEADER = YES;
				CLANG_WARN_RANGE_LOOP_ANALYSIS = YES;
				CLANG_WARN_STRICT_PROTOTYPES = YES;
				CLANG_WARN_SUSPICIOUS_MOVE = YES;
				CLANG_WARN_UNGUARDED_AVAILABILITY = YES_AGGRESSIVE;
				CLANG_WARN_UNREACHABLE_CODE = YES;
				CLANG_WARN__DUPLICATE_METHOD_MATCH = YES;
				COPY_PHASE_STRIP = NO;
				DEBUG_INFORMATION_FORMAT = dwarf;
				ENABLE_STRICT_OBJC_MSGSEND = YES;
				ENABLE_TESTABILITY = YES;
				GCC_C_LANGUAGE_STANDARD = gnu11;
				GCC_DYNAMIC_NO_PIC = NO;
				GCC_NO_COMMON_BLOCKS = YES;
				GCC_OPTIMIZATION_LEVEL = 0;
				GCC_PREPROCESSOR_DEFINITIONS = (
					"$(inherited)",
					"DEBUG=1",
				);
				GCC_WARN_64_TO_32_BIT_CONVERSION = YES;
				GCC_WARN_ABOUT_RETURN_TYPE = YES_ERROR;
				GCC_WARN_UNDECLARED_SELECTOR = YES;
				GCC_WARN_UNINITIALIZED_AUTOS = YES_AGGRESSIVE;
				GCC_WARN_UNUSED_FUNCTION = YES;
				GCC_WARN_UNUSED_VARIABLE = YES;
				IPHONEOS_DEPLOYMENT_TARGET = 16.0;
				MTL_ENABLE_DEBUG_INFO = INCLUDE_SOURCE;
				MTL_FAST_MATH = YES;
				ONLY_ACTIVE_ARCH = YES;
				PRODUCT_NAME = "$(TARGET_NAME)";
				SDKROOT = iphoneos;
				SWIFT_ACTIVE_COMPILATION_CONDITIONS = DEBUG;
				SWIFT_OPTIMIZATION_LEVEL = "-Onone";
				SWIFT_VERSION = 5.0;
			};
			name = Debug;
		};
/* End XCBuildConfiguration section */

/* Begin XCConfigurationList section */
		5A68B89D52C505EB3964A2F3 /* Build configuration list for PBXProject "Banking-Dashboard" */ = {
			isa = XCConfigurationList;
			buildConfigurations = (
				D1BFC389517670791F0B0E2E /* Debug */,
				2367CE9DA6E4888C5A91CBDB /* Release */,
			);
			defaultConfigurationIsVisible = 0;
			defaultConfigurationName = Debug;
		};
		981C2FADF65FCFFC69834C34 /* Build configuration list for PBXNativeTarget "Banking-Dashboard-App" */ = {
			isa = XCConfigurationList;
			buildConfigurations = (
				72F6BBED28870E33C2C643CD /* Debug */,
				55330D3A8DE06994EC8052AB /* Release */,
			);
			defaultConfigurationIsVisible = 0;
			defaultConfigurationName = Debug;
		};
/* End XCConfigurationList section */

/* Begin XCLocalSwiftPackageReference section */
		CF7DD226F1625E909D19E72F /* XCLocalSwiftPackageReference "Packages/DiamondRevamp" */ = {
			isa = XCLocalSwiftPackageReference;
			relativePath = Packages/DiamondRevamp;
		};
/* End XCLocalSwiftPackageReference section */

/* Begin XCSwiftPackageProductDependency section */
		F5CB39B318F60C0E5C1BA4A0 /* DiamondRevamp */ = {
			isa = XCSwiftPackageProductDependency;
			productName = DiamondRevamp;
		};
/* End XCSwiftPackageProductDependency section */
	};
	rootObject = D315E30B5168160AA0B0BE49 /* Project object */;
}
